{
  "projects": [
    {
      "projectId": "aEHVN5v6mfM4eovDsL8Z7d",
      "version": "0.3.0",
      "dependencies": {},
      "lang": "ts",
      "fileLocks": [
        {
          "assetId": "aEHVN5v6mfM4eovDsL8Z7d",
          "type": "projectCss",
          "checksum": "e1ec850476829c38b0f9b6d4f7ac446a"
        }
      ],
      "codegenVersion": "0.0.1"
    },
    {
      "projectId": "3m3vFk1dnCzZnwT8k489Jy",
      "version": "0.3.0",
      "dependencies": {},
      "lang": "ts",
      "fileLocks": [
        {
          "assetId": "3m3vFk1dnCzZnwT8k489Jy",
          "type": "projectCss",
          "checksum": "e1ec850476829c38b0f9b6d4f7ac446a"
        }
      ],
      "codegenVersion": "0.0.1"
    },
    {
      "projectId": "8PtdGodUbexNYgkuyBUcWu",
      "version": "3.24.0",
      "dependencies": {},
      "lang": "ts",
      "fileLocks": [
        {
          "assetId": "8PtdGodUbexNYgkuyBUcWu",
          "type": "projectCss",
          "checksum": "938244692ddaafd351b253f33afb418e"
        },
        {
          "assetId": "8PtdGodUbexNYgkuyBUcWu",
          "checksum": "34a063f27f0b27a7d1d344bc6b5252c5",
          "type": "globalContexts"
        }
      ],
      "codegenVersion": "0.0.1"
    },
    {
      "projectId": "sqPBLwEBBKHA2WDuGb17eV",
      "version": "0.12.0",
      "dependencies": {},
      "lang": "ts",
      "fileLocks": [
        {
          "assetId": "sqPBLwEBBKHA2WDuGb17eV",
          "type": "projectCss",
          "checksum": "e1ec850476829c38b0f9b6d4f7ac446a"
        },
        {
          "type": "renderModule",
          "assetId": "5nirPCGmCnRD",
          "checksum": "6dfce6e009ab54e882e11f422c08b611"
        },
        {
          "type": "cssRules",
          "assetId": "5nirPCGmCnRD",
          "checksum": "6dfce6e009ab54e882e11f422c08b611"
        },
        {
          "type": "icon",
          "assetId": "Wyt3GMMsLefj",
          "checksum": "d8c88f04735c43b3f7790b0889d20e0c"
        },
        {
          "type": "icon",
          "assetId": "MbDRsJU0e3bw",
          "checksum": "92672aa6935120ebaac11939d8d127bb"
        }
      ],
      "codegenVersion": "0.0.1"
    },
    {
      "projectId": "q8iq2J191QypeBqVSHzb6M",
      "version": "0.6.0",
      "dependencies": {},
      "lang": "ts",
      "fileLocks": [
        {
          "assetId": "q8iq2J191QypeBqVSHzb6M",
          "type": "projectCss",
          "checksum": "e1ec850476829c38b0f9b6d4f7ac446a"
        }
      ],
      "codegenVersion": "0.0.1"
    },
    {
      "projectId": "szjgMQpPpxhmkjnaBvZQJG",
      "version": "2.25.0",
      "dependencies": {},
      "lang": "ts",
      "fileLocks": [
        {
          "assetId": "szjgMQpPpxhmkjnaBvZQJG",
          "type": "projectCss",
          "checksum": "875edd012e6cf081207af514853d5397"
        }
      ],
      "codegenVersion": "0.0.1"
    },
    {
      "projectId": "9Vr5YWkf3w7jj6SsTcCEta",
      "version": "0.10.0",
      "dependencies": {},
      "lang": "ts",
      "fileLocks": [
        {
          "assetId": "9Vr5YWkf3w7jj6SsTcCEta",
          "type": "projectCss",
          "checksum": "e1ec850476829c38b0f9b6d4f7ac446a"
        }
      ],
      "codegenVersion": "0.0.1"
    },
    {
      "projectId": "caTPwKxj5ZrD9LQ7DMdK4Z",
      "version": "3.36.0",
      "dependencies": {},
      "lang": "ts",
      "fileLocks": [
        {
          "assetId": "caTPwKxj5ZrD9LQ7DMdK4Z",
          "type": "projectCss",
          "checksum": "e1ec850476829c38b0f9b6d4f7ac446a"
        }
      ],
      "codegenVersion": "0.0.1"
    },
    {
      "projectId": "jkU633o1Cz7HrJdwdxhVHk",
      "version": "16.10.0",
      "dependencies": {},
      "lang": "ts",
      "fileLocks": [
        {
          "assetId": "jkU633o1Cz7HrJdwdxhVHk",
          "type": "projectCss",
          "checksum": "0581d4378bb1604bb5fe3f65bb0a37de"
        }
      ],
      "codegenVersion": "0.0.1"
    },
    {
      "projectId": "28Ba3BDvRe7EiWdfFNnLB6",
      "version": "2.35.0",
      "dependencies": {},
      "lang": "ts",
      "fileLocks": [
        {
          "assetId": "28Ba3BDvRe7EiWdfFNnLB6",
          "type": "projectCss",
          "checksum": "e1ec850476829c38b0f9b6d4f7ac446a"
        }
      ],
      "codegenVersion": "0.0.1"
    },
    {
      "projectId": "i3z63WaCLuRiSZRBwZC8d1",
      "version": "6.17.0",
      "dependencies": {},
      "lang": "ts",
      "fileLocks": [
        {
          "assetId": "i3z63WaCLuRiSZRBwZC8d1",
          "type": "projectCss",
          "checksum": "e1ec850476829c38b0f9b6d4f7ac446a"
        },
        {
          "assetId": "i3z63WaCLuRiSZRBwZC8d1",
          "checksum": "2231a02fc246352d0dd609a63e28d8fb",
          "type": "globalContexts"
        }
      ],
      "codegenVersion": "0.0.1"
    },
    {
      "projectId": "xp1p7dmg329XVLHyuEUxD2",
      "version": "11.32.0",
      "dependencies": {},
      "lang": "ts",
      "fileLocks": [
        {
          "assetId": "xp1p7dmg329XVLHyuEUxD2",
          "type": "projectCss",
          "checksum": "44f471342c831834430cd3aa68669530"
        }
      ],
      "codegenVersion": "0.0.1"
    },
    {
      "projectId": "58GpZjZCWTaJ8AUhpCwt2K",
      "version": "3.25.0",
      "dependencies": {},
      "lang": "ts",
      "fileLocks": [
        {
          "assetId": "58GpZjZCWTaJ8AUhpCwt2K",
          "type": "projectCss",
          "checksum": "1f73b697edde7e05afb0dbd986b8b29c"
        }
      ],
      "codegenVersion": "0.0.1"
    },
    {
      "projectId": "YUiM7yqBWAqsh8KSnrdj7",
      "version": "0.29.0",
      "dependencies": {},
      "lang": "ts",
      "fileLocks": [
        {
          "assetId": "YUiM7yqBWAqsh8KSnrdj7",
          "type": "projectCss",
          "checksum": "111e2ae00744bcb5cc28bba41d8d0f1d"
        }
      ],
      "codegenVersion": "0.0.1"
    },
    {
      "projectId": "ohDidvG9XsCeFumugENU3J",
      "version": "6.24.0",
      "dependencies": {},
      "lang": "ts",
      "fileLocks": [
        {
          "assetId": "ohDidvG9XsCeFumugENU3J",
          "type": "projectCss",
          "checksum": "fd83b730367fdbde2c69bc6cf31c2a3c"
        },
        {
          "assetId": "ohDidvG9XsCeFumugENU3J",
          "checksum": "de0a0e65174a6a185a8f822af51c6bdd",
          "type": "globalContexts"
        }
      ],
      "codegenVersion": "0.0.1"
    },
    {
      "projectId": "wjafXWEvDytFogT7SiMy2v",
      "version": "latest",
      "dependencies": {
        "ohDidvG9XsCeFumugENU3J": "6.24.0",
        "YUiM7yqBWAqsh8KSnrdj7": "0.29.0",
        "58GpZjZCWTaJ8AUhpCwt2K": "3.25.0",
        "xp1p7dmg329XVLHyuEUxD2": "11.32.0",
        "i3z63WaCLuRiSZRBwZC8d1": "6.17.0",
        "28Ba3BDvRe7EiWdfFNnLB6": "2.35.0",
        "jkU633o1Cz7HrJdwdxhVHk": "16.10.0",
        "caTPwKxj5ZrD9LQ7DMdK4Z": "3.36.0",
        "9Vr5YWkf3w7jj6SsTcCEta": "0.10.0",
        "szjgMQpPpxhmkjnaBvZQJG": "2.25.0",
        "q8iq2J191QypeBqVSHzb6M": "0.6.0",
        "sqPBLwEBBKHA2WDuGb17eV": "0.12.0",
        "8PtdGodUbexNYgkuyBUcWu": "3.24.0",
        "3m3vFk1dnCzZnwT8k489Jy": "0.3.0",
        "aEHVN5v6mfM4eovDsL8Z7d": "0.3.0"
      },
      "lang": "ts",
      "fileLocks": [
        {
          "type": "globalVariant",
          "assetId": "jEqVmdAbnKYc",
          "checksum": "54b222eb41e1358aeadc3cd0af107f2b"
        },
        {
          "assetId": "wjafXWEvDytFogT7SiMy2v",
          "type": "projectCss",
          "checksum": "a46707a0d4a816ef32016a22895da395"
        },
        {
          "assetId": "wjafXWEvDytFogT7SiMy2v",
          "checksum": "72a611b45c302b82a9cf9dc4d4318138",
          "type": "globalContexts"
        },
        {
          "type": "renderModule",
          "assetId": "WB4OwDxc51ck",
          "checksum": "40c85398ea895a1243605d60c4f460a6"
        },
        {
          "type": "cssRules",
          "assetId": "WB4OwDxc51ck",
          "checksum": "40c85398ea895a1243605d60c4f460a6"
        },
        {
          "type": "renderModule",
          "assetId": "YivXi3wItkax",
          "checksum": "0880e722454313ab37dd0e657952ad29"
        },
        {
          "type": "cssRules",
          "assetId": "YivXi3wItkax",
          "checksum": "0880e722454313ab37dd0e657952ad29"
        },
        {
          "type": "renderModule",
          "assetId": "AFB-1jxjMqDb",
          "checksum": "c621f80e6edfd8d60f8477943f6cd594"
        },
        {
          "type": "cssRules",
          "assetId": "AFB-1jxjMqDb",
          "checksum": "c621f80e6edfd8d60f8477943f6cd594"
        },
        {
          "type": "renderModule",
          "assetId": "Ev8txsbuZl9W",
          "checksum": "88223f5e05b2d1c4ddd4dc607637008f"
        },
        {
          "type": "cssRules",
          "assetId": "Ev8txsbuZl9W",
          "checksum": "88223f5e05b2d1c4ddd4dc607637008f"
        },
        {
          "type": "renderModule",
          "assetId": "oQ9IYAdIiE5g",
          "checksum": "23329c818a2363b4d8920b179b1db0b4"
        },
        {
          "type": "cssRules",
          "assetId": "oQ9IYAdIiE5g",
          "checksum": "23329c818a2363b4d8920b179b1db0b4"
        },
        {
          "type": "renderModule",
          "assetId": "J2d--RhwPuEt",
          "checksum": "8240c81a297a6e241abe1b2773451127"
        },
        {
          "type": "cssRules",
          "assetId": "J2d--RhwPuEt",
          "checksum": "8240c81a297a6e241abe1b2773451127"
        },
        {
          "type": "renderModule",
          "assetId": "IoZvAstVrNqa",
          "checksum": "53faaa1802ec6a5cb08ae7385a9ba7f2"
        },
        {
          "type": "cssRules",
          "assetId": "IoZvAstVrNqa",
          "checksum": "53faaa1802ec6a5cb08ae7385a9ba7f2"
        },
        {
          "type": "renderModule",
          "assetId": "9Hr8d57xz9H9",
          "checksum": "dd3bc818aa815624785b78ef2c95c6a8"
        },
        {
          "type": "cssRules",
          "assetId": "9Hr8d57xz9H9",
          "checksum": "dd3bc818aa815624785b78ef2c95c6a8"
        },
        {
          "type": "renderModule",
          "assetId": "RHOuYiwuacpG",
          "checksum": "b4128b22b201d90bba71b88ae4564f85"
        },
        {
          "type": "cssRules",
          "assetId": "RHOuYiwuacpG",
          "checksum": "b4128b22b201d90bba71b88ae4564f85"
        },
        {
          "type": "renderModule",
          "assetId": "djw6BO6ESgiq",
          "checksum": "97fb1ed307bc619019d5ff2951df8333"
        },
        {
          "type": "cssRules",
          "assetId": "djw6BO6ESgiq",
          "checksum": "97fb1ed307bc619019d5ff2951df8333"
        },
        {
          "type": "renderModule",
          "assetId": "8o6xzPLlyVTQ",
          "checksum": "e7ddb7d445bef0b4cce2a2b6b5362808"
        },
        {
          "type": "cssRules",
          "assetId": "8o6xzPLlyVTQ",
          "checksum": "e7ddb7d445bef0b4cce2a2b6b5362808"
        },
        {
          "type": "renderModule",
          "assetId": "QnDyAyhvLYc4",
          "checksum": "34c193882095d191e424e0f588d37cf4"
        },
        {
          "type": "cssRules",
          "assetId": "QnDyAyhvLYc4",
          "checksum": "34c193882095d191e424e0f588d37cf4"
        },
        {
          "type": "renderModule",
          "assetId": "yfSr1skfxkHn",
          "checksum": "fa1b94610f19df05e22c4bdd690953ee"
        },
        {
          "type": "cssRules",
          "assetId": "yfSr1skfxkHn",
          "checksum": "fa1b94610f19df05e22c4bdd690953ee"
        },
        {
          "type": "renderModule",
          "assetId": "-ckcELWzdUW7",
          "checksum": "f4430101b9cc37bc34bc7a1d236bb64d"
        },
        {
          "type": "cssRules",
          "assetId": "-ckcELWzdUW7",
          "checksum": "f4430101b9cc37bc34bc7a1d236bb64d"
        },
        {
          "type": "renderModule",
          "assetId": "86AB0v1-nDyA",
          "checksum": "65c4986ba2a38807f358e903a9b7f374"
        },
        {
          "type": "cssRules",
          "assetId": "86AB0v1-nDyA",
          "checksum": "65c4986ba2a38807f358e903a9b7f374"
        },
        {
          "type": "renderModule",
          "assetId": "6oEGl3M40QrL",
          "checksum": "3633ee691a9221fdcf8c6fc118dba643"
        },
        {
          "type": "cssRules",
          "assetId": "6oEGl3M40QrL",
          "checksum": "3633ee691a9221fdcf8c6fc118dba643"
        },
        {
          "type": "renderModule",
          "assetId": "PK_hwsu90gKT",
          "checksum": "375d488d09d03668a5f41caf5cbb82bf"
        },
        {
          "type": "cssRules",
          "assetId": "PK_hwsu90gKT",
          "checksum": "375d488d09d03668a5f41caf5cbb82bf"
        },
        {
          "type": "renderModule",
          "assetId": "WWQbOGxeNTuR",
          "checksum": "4cbe17fba7d1dc02300bce108dc474be"
        },
        {
          "type": "cssRules",
          "assetId": "WWQbOGxeNTuR",
          "checksum": "4cbe17fba7d1dc02300bce108dc474be"
        },
        {
          "type": "renderModule",
          "assetId": "dnRUnqur1vWa",
          "checksum": "4a3fb24ad16f794cb74079a7a9ec661c"
        },
        {
          "type": "cssRules",
          "assetId": "dnRUnqur1vWa",
          "checksum": "4a3fb24ad16f794cb74079a7a9ec661c"
        },
        {
          "type": "renderModule",
          "assetId": "x1Fxn6tnPsJ0",
          "checksum": "1c8664fce97fe5a55848cd3741213331"
        },
        {
          "type": "cssRules",
          "assetId": "x1Fxn6tnPsJ0",
          "checksum": "1c8664fce97fe5a55848cd3741213331"
        },
        {
          "type": "renderModule",
          "assetId": "rhyWwtv3sPGn",
          "checksum": "1ab049e15073f0c79b7593cd1d1be895"
        },
        {
          "type": "cssRules",
          "assetId": "rhyWwtv3sPGn",
          "checksum": "1ab049e15073f0c79b7593cd1d1be895"
        },
        {
          "type": "renderModule",
          "assetId": "lSZzDzmRkcIg",
          "checksum": "b027f5b9fb4006e26eab9ea2d10b5bb3"
        },
        {
          "type": "cssRules",
          "assetId": "lSZzDzmRkcIg",
          "checksum": "b027f5b9fb4006e26eab9ea2d10b5bb3"
        },
        {
          "type": "renderModule",
          "assetId": "SeOv9wf5ITYF",
          "checksum": "5a68c88ef9fad006660f6f23bb1aaf38"
        },
        {
          "type": "cssRules",
          "assetId": "SeOv9wf5ITYF",
          "checksum": "5a68c88ef9fad006660f6f23bb1aaf38"
        },
        {
          "type": "renderModule",
          "assetId": "B3T4IwC_PpNX",
          "checksum": "8466532cbbf046cd3a0c4beb9a495fe4"
        },
        {
          "type": "cssRules",
          "assetId": "B3T4IwC_PpNX",
          "checksum": "8466532cbbf046cd3a0c4beb9a495fe4"
        },
        {
          "type": "renderModule",
          "assetId": "3tcwCShdS0g0",
          "checksum": "ab5bd906fa981c513461dba8e3ebdff6"
        },
        {
          "type": "cssRules",
          "assetId": "3tcwCShdS0g0",
          "checksum": "ab5bd906fa981c513461dba8e3ebdff6"
        },
        {
          "type": "renderModule",
          "assetId": "a9E2wGEF0Qy9",
          "checksum": "3295ac5868e6cefa622e294f635fd7c1"
        },
        {
          "type": "cssRules",
          "assetId": "a9E2wGEF0Qy9",
          "checksum": "3295ac5868e6cefa622e294f635fd7c1"
        },
        {
          "type": "renderModule",
          "assetId": "X347FgRZh6HH",
          "checksum": "3763b16816a8cdd1dddb39ffbd4a1799"
        },
        {
          "type": "cssRules",
          "assetId": "X347FgRZh6HH",
          "checksum": "3763b16816a8cdd1dddb39ffbd4a1799"
        },
        {
          "type": "icon",
          "assetId": "YIqBWKHX3AVs",
          "checksum": "3666570cc90aa133d514f9b2d012926c"
        },
        {
          "type": "icon",
          "assetId": "I6pxicA96WJm",
          "checksum": "2ffd4b3447aeb05084cd10400c883e86"
        },
        {
          "type": "icon",
          "assetId": "vsUaT3pPwdP4",
          "checksum": "d35b7d85752517dbad7fd26253eef34f"
        },
        {
          "type": "icon",
          "assetId": "5ApcS5B1gv4L",
          "checksum": "7dbb8bfc60c1ad9ae50a9b2647722f1c"
        },
        {
          "type": "icon",
          "assetId": "klbX_NZp_cB3",
          "checksum": "259bc8834aaca3ca997ea0eadc6b29ef"
        },
        {
          "type": "icon",
          "assetId": "WwJVeh2tsHvY",
          "checksum": "4f4cc01e17f7aba28e6c23eb9c7dcb05"
        },
        {
          "type": "icon",
          "assetId": "psJwB7FnMtB3",
          "checksum": "ebb582f2223535d85b39e1f1b6d726e2"
        },
        {
          "type": "icon",
          "assetId": "MQ26f0HUxb4j",
          "checksum": "1fb7c75a3a40eade3161dfbc8d7c0d8d"
        },
        {
          "type": "icon",
          "assetId": "YlP_1riCYk4W",
          "checksum": "fc81dbb84a8ee15a3795a87a7d14d659"
        },
        {
          "type": "icon",
          "assetId": "9ePn9ADBNSUD",
          "checksum": "d5abaccf3bccd65401745e25b18de077"
        },
        {
          "type": "icon",
          "assetId": "OPwXrI9x1012",
          "checksum": "fe8a350b9a4608d01370c5020ef83fb5"
        },
        {
          "type": "icon",
          "assetId": "e-l8ROEyoe8s",
          "checksum": "058fa77813bd112c47e92d9c4f9f1ff6"
        },
        {
          "type": "icon",
          "assetId": "X4UfJDfThbDE",
          "checksum": "66f767b2c1c9c4963e2e34d3ab6f603d"
        },
        {
          "type": "icon",
          "assetId": "2Z1jVD4N4zmf",
          "checksum": "38c1186d3c416e923a17b704880b59a8"
        },
        {
          "type": "icon",
          "assetId": "3HuWA6LuASnW",
          "checksum": "893296d526b760577b70f31d990d353d"
        },
        {
          "type": "icon",
          "assetId": "RL9ccM3nRsj6",
          "checksum": "f24a1ace7597b457d8db2789eba6f192"
        },
        {
          "type": "icon",
          "assetId": "XwaE6_cmZ-sk",
          "checksum": "59feca049a8ed139ea7afcc85245410b"
        },
        {
          "type": "icon",
          "assetId": "PBBpz73Dpvdl",
          "checksum": "650626ded8b74ac7b225fe6fe1bac6b6"
        },
        {
          "type": "icon",
          "assetId": "1qRlpiHruDfc",
          "checksum": "e0577a43fd65fb781ca314da67b0d6bd"
        },
        {
          "type": "icon",
          "assetId": "HcpsI6M2imnH",
          "checksum": "c5843b1ff6087c6f1771fb67e6d0b226"
        },
        {
          "type": "icon",
          "assetId": "7rNsg1eoqwjF",
          "checksum": "031e3ff1e7b284c9aa694b6ce9731481"
        },
        {
          "type": "icon",
          "assetId": "p-tAWM0RZWBz",
          "checksum": "e8183cc99becbb4185b30e4ee8715d84"
        },
        {
          "type": "icon",
          "assetId": "GllYzc9jUw9r",
          "checksum": "0a6160db15211a8e002d3591716d186a"
        },
        {
          "type": "icon",
          "assetId": "NFXRoS4oqKav",
          "checksum": "d5c0729d272b9b6ff8debb7825e907ce"
        },
        {
          "type": "icon",
          "assetId": "dMQU1eP1Y4yv",
          "checksum": "8bcda6a0a9e20075fe9aa9d4b473f498"
        },
        {
          "type": "icon",
          "assetId": "t34xjhDU3Kxh",
          "checksum": "3732bb7aded76f7993727fbaf45ab2b8"
        },
        {
          "type": "icon",
          "assetId": "M-j-DtcobOOK",
          "checksum": "bf5ebe09ed300df17933d3ad11ea8998"
        },
        {
          "type": "icon",
          "assetId": "ZONZXYcpoN3U",
          "checksum": "9af96bdcf840cedd51dd9b623358e026"
        },
        {
          "type": "icon",
          "assetId": "mC78MSouMgiO",
          "checksum": "0c13e6486abc1b7b63c602b99a6861b4"
        },
        {
          "type": "icon",
          "assetId": "pE37P96Dcs-s",
          "checksum": "f5d56196001d1e3897cb45c34ca33eda"
        },
        {
          "type": "icon",
          "assetId": "F4mMhxLXfk7s",
          "checksum": "5519bc972f6583481a51119268fde93e"
        },
        {
          "type": "icon",
          "assetId": "_5UqDNx1Fdfc",
          "checksum": "756f609112bf8eeb47984c674c413dfe"
        },
        {
          "type": "icon",
          "assetId": "ydXNweVoDfnq",
          "checksum": "da45639773feb4ef9c0c38f3962311ff"
        },
        {
          "type": "icon",
          "assetId": "AEo-sZPcmofc",
          "checksum": "1619777680bd8c1c03c4db918198923e"
        },
        {
          "type": "icon",
          "assetId": "syNDerbzpp8N",
          "checksum": "e552362933cd29521a4f6122500eb76b"
        },
        {
          "type": "icon",
          "assetId": "9B8dkXc1NzpQ",
          "checksum": "2c412dfd3b913faf4466129b560c5881"
        },
        {
          "type": "icon",
          "assetId": "Q6rlhbBoD8Qa",
          "checksum": "c80f9e70d5a619770e5a69460405ceb9"
        },
        {
          "type": "icon",
          "assetId": "nhxkR-W9JqN3",
          "checksum": "c0397a2ea6a41d66c44532c17a0c8adb"
        },
        {
          "type": "icon",
          "assetId": "ZHrszP2IiVJk",
          "checksum": "b29a53f1f37209c4fd020be974097180"
        },
        {
          "type": "icon",
          "assetId": "MyL4B8_M3mg8",
          "checksum": "c3ee708297fb29ba9b5f0bb0703f7637"
        },
        {
          "type": "icon",
          "assetId": "orq3vCjE1JGZ",
          "checksum": "37b83460b34da0fac750af40209c7c33"
        },
        {
          "type": "icon",
          "assetId": "lKm87uGwN2i4",
          "checksum": "b791f80901366f26169c77db8b0341ef"
        },
        {
          "type": "icon",
          "assetId": "MPCEIUspYUPi",
          "checksum": "9c3882d0ddf7545d2d2d1b03eff43211"
        },
        {
          "type": "icon",
          "assetId": "CMqoar_rjBcP",
          "checksum": "1e985e10df9988bfb0afa001cf219d7b"
        },
        {
          "type": "icon",
          "assetId": "aK3QQl9ddcYf",
          "checksum": "8c6c25e5a4befb10a1818f09c6645192"
        },
        {
          "type": "icon",
          "assetId": "B34gCeBlzVGZ",
          "checksum": "219753fb1d3b94bd31362741eca41a48"
        },
        {
          "type": "icon",
          "assetId": "MKAw5Po9K8sX",
          "checksum": "3c8abe85a071a6690f1469eb816619fa"
        },
        {
          "type": "icon",
          "assetId": "GDmIgqiyrW1O",
          "checksum": "215ecec72d82810017df31954f3e4e71"
        },
        {
          "type": "icon",
          "assetId": "8dU4xXFPs-ME",
          "checksum": "e6a27e2e07387ee8f118aefa2910356c"
        },
        {
          "type": "icon",
          "assetId": "-RBNimWBwZ_J",
          "checksum": "4bbffbdc841cb28f8e03a14edb6d51ab"
        },
        {
          "type": "icon",
          "assetId": "X66R-iy04VSP",
          "checksum": "6a215f6886625ed32622905f92156db1"
        },
        {
          "type": "icon",
          "assetId": "4cZ1Y2pB_zT4",
          "checksum": "eeb34130f83ec18ebb8013a1a9d54bee"
        },
        {
          "type": "icon",
          "assetId": "ycuumst0kLdp",
          "checksum": "5f7dd60a7ac25b61d349eb466280325a"
        },
        {
          "type": "icon",
          "assetId": "8HLZXSdI7JT1",
          "checksum": "92856964e12f114850b4213e059cd309"
        },
        {
          "type": "icon",
          "assetId": "Pji6nZZT_lpO",
          "checksum": "24110eaab381b5e7ce5cdbd65386f37d"
        },
        {
          "type": "icon",
          "assetId": "yGcNtDFpHELi",
          "checksum": "aad5005efcf373b0d327c719ba2b881e"
        },
        {
          "type": "icon",
          "assetId": "TgYVpXliQRZA",
          "checksum": "727f2d049910411a7f0d1a00d80cae0f"
        },
        {
          "type": "icon",
          "assetId": "hDJwwWv7gkB8",
          "checksum": "34eac00f00eb24c57bfffe945a0c3371"
        },
        {
          "type": "icon",
          "assetId": "DHPg9SA8s51h",
          "checksum": "2547c7ded89acb8ffd527f50ba27bb11"
        },
        {
          "type": "icon",
          "assetId": "NogYnO3LNJ5O",
          "checksum": "3d5f66927c65fb6e7a3529a75f39ff33"
        },
        {
          "type": "icon",
          "assetId": "gjIeG0A7CinP",
          "checksum": "66a81e00f7857e639273c3538c02700c"
        },
        {
          "type": "icon",
          "assetId": "6ggc2UR6DFER",
          "checksum": "fb1fac466608495ce5d6635c1dcb01a6"
        },
        {
          "type": "icon",
          "assetId": "YoQZruKDc9jV",
          "checksum": "2fe42cc8b9eaa24e9826394f9f250031"
        },
        {
          "type": "icon",
          "assetId": "rRoWBWmLYSI5",
          "checksum": "03d11f81d51d5baeab0d25f124082355"
        },
        {
          "type": "icon",
          "assetId": "fjn6qjCkjs6T",
          "checksum": "65507a20db12d3613bf3a7963373c35f"
        },
        {
          "type": "icon",
          "assetId": "A2K9Un9dNnoL",
          "checksum": "b42af0c7487b8a3d2f0293ab7767703d"
        },
        {
          "type": "icon",
          "assetId": "KRqJj_I4xpne",
          "checksum": "63c4f0a83f4b7b5a76cd792290c16d9e"
        },
        {
          "type": "icon",
          "assetId": "2dmfrO0Ovd8i",
          "checksum": "666570a2e240608602a5fd9e25504ded"
        },
        {
          "type": "icon",
          "assetId": "H4WuTlYXIEKg",
          "checksum": "6f4422d617b8abcc22d109ad8a8c1ffa"
        },
        {
          "type": "icon",
          "assetId": "A6UR7eLBlTnR",
          "checksum": "7f43a69bc482753e431c53b036ef730e"
        },
        {
          "type": "icon",
          "assetId": "T-O4gZl9ttIt",
          "checksum": "b57345cf2165f08469fa12b04ebf3f5a"
        },
        {
          "type": "icon",
          "assetId": "N-HUE5-m4bcl",
          "checksum": "6db605fc986a4f169d83ca19fef09a67"
        },
        {
          "type": "icon",
          "assetId": "5QQKf_ZsnABX",
          "checksum": "1a8f7e6364d6113e4eae2b3c77ca2726"
        },
        {
          "type": "icon",
          "assetId": "9MJJOBGA9bFX",
          "checksum": "76ab7886a443fa3c57011eebda8ad49a"
        },
        {
          "type": "icon",
          "assetId": "-xG_spDBispP",
          "checksum": "5d02d81cdba843081de37377b2e79577"
        },
        {
          "type": "icon",
          "assetId": "2bxvHhfddyLp",
          "checksum": "a2a1e8be1d8d41527951b21aaa54c564"
        },
        {
          "type": "icon",
          "assetId": "P4Fui25DKo9x",
          "checksum": "202e73b1dad0186c05f0d52f564af83d"
        },
        {
          "type": "icon",
          "assetId": "FYp_b7bC4SRG",
          "checksum": "15b9840731ab8bba28c880152f5bbf1f"
        },
        {
          "type": "icon",
          "assetId": "kP8tgJWFi5f8",
          "checksum": "ae947b88859e7fcc4dfff5a1ab911a54"
        },
        {
          "type": "icon",
          "assetId": "akWClYKh0NXz",
          "checksum": "0da772e37270e78584d7d5eb40d05a48"
        },
        {
          "type": "icon",
          "assetId": "j6KfmMMNdunq",
          "checksum": "442c97e32c1abbdda9b17d81edd6bbfe"
        },
        {
          "type": "icon",
          "assetId": "WpOunCdxkfxz",
          "checksum": "e5a763444a33f1c45f9345051531d426"
        },
        {
          "type": "icon",
          "assetId": "Afo4-59OKegd",
          "checksum": "36e5e53f5ee1580d1ff52a7cf2809433"
        },
        {
          "type": "icon",
          "assetId": "mw45S2ohkgeU",
          "checksum": "bcf9aab5c3a06dd45359d1cd1cfe9a34"
        },
        {
          "type": "icon",
          "assetId": "o54G7Go_UaaH",
          "checksum": "6bad3f2335d351bbb535d20e90302f87"
        },
        {
          "type": "icon",
          "assetId": "OXlS9uB7Ffdy",
          "checksum": "08dd6d18ddc8fef42f756bb1d32e7020"
        },
        {
          "type": "icon",
          "assetId": "laC4EyEnFr3s",
          "checksum": "a2c8cc948bec3a4905dd6efce1356cb6"
        },
        {
          "type": "icon",
          "assetId": "h3U6GmF6J6H4",
          "checksum": "d2906e213ab9e9361dbc1843059cee5c"
        },
        {
          "type": "icon",
          "assetId": "3WLAeBup0ObK",
          "checksum": "3a65f8066308b091084402da04dae919"
        },
        {
          "type": "icon",
          "assetId": "kYUnvWOY7oUw",
          "checksum": "01d45edb0b5a0e7d14001c5d0b23d0fa"
        },
        {
          "type": "icon",
          "assetId": "iEWdCbOck0G5",
          "checksum": "db05155541892b484e43ecc5abfe6c55"
        },
        {
          "type": "icon",
          "assetId": "Ijw01sZv-rjA",
          "checksum": "1e2dc0423cf43e738c7411d3429cadf1"
        },
        {
          "type": "icon",
          "assetId": "5tIBWi0zESLM",
          "checksum": "8cf16ed8ab27aebeb81d9079f35c4ad7"
        },
        {
          "type": "icon",
          "assetId": "AgX6cnN3YV61",
          "checksum": "c52002aeca801d7e9b0fecd20cee2f56"
        },
        {
          "type": "icon",
          "assetId": "qdjybZJw3tm3",
          "checksum": "b6e3d2aa404ef8bc889ec8135fd6711d"
        },
        {
          "type": "icon",
          "assetId": "tSD0oiaMd-7V",
          "checksum": "4aa18fa3c27acd39854a63e70b5f53c2"
        },
        {
          "type": "icon",
          "assetId": "p45OcLcX4zji",
          "checksum": "2c20aad97b64f6cfce09ebc1f0e6f12f"
        },
        {
          "type": "icon",
          "assetId": "GgMvWgkE294e",
          "checksum": "770bdb13d04f8751b5a9360783ae00f5"
        },
        {
          "type": "icon",
          "assetId": "Eijn17-Ve4IZ",
          "checksum": "b98f3e46c6c09f5cfd35358257bf3323"
        },
        {
          "type": "icon",
          "assetId": "UvXMj66shTDo",
          "checksum": "6d5c90b3571fbf927a1bd5ee4d1459eb"
        },
        {
          "type": "icon",
          "assetId": "bIxkatK6rGzW",
          "checksum": "586848cb1115954137046a17350edaed"
        },
        {
          "type": "icon",
          "assetId": "gh3GiSXYzCWP",
          "checksum": "2610cb069ff7bf6bc311b5bcce6dbdd4"
        },
        {
          "type": "icon",
          "assetId": "-kAkKYtWcc8f",
          "checksum": "12b96aa18fb4608097ebe84d804be29c"
        },
        {
          "type": "image",
          "assetId": "T-wWpOkYHAcY",
          "checksum": "326dfbc49122612ceeed33d4e62490e7"
        },
        {
          "type": "image",
          "assetId": "qcFfL5uLXMyQ",
          "checksum": "4c7647da6fa67ba635fd168892011a0e"
        },
        {
          "type": "image",
          "assetId": "eKtkrQMqb3dv",
          "checksum": "a8e26005be5a404b75aa9133971189df"
        },
        {
          "type": "image",
          "assetId": "dyEE78btSXa-",
          "checksum": "53218c819b4eb8a11ea780c2eefd5533"
        },
        {
          "type": "image",
          "assetId": "Hu7PK4MdRA96",
          "checksum": "79bbbb0c637994761498a3c08fd0f1bb"
        },
        {
          "type": "image",
          "assetId": "U3H0kCKcBwDO",
          "checksum": "fbde831135ee5d3d381daa6826e951c5"
        },
        {
          "type": "image",
          "assetId": "2hbZItAb0WZy",
          "checksum": "dc9b214725c3ad466b1ac7b9bfe2ce3a"
        },
        {
          "type": "image",
          "assetId": "8z7OYPnkN8Bl",
          "checksum": "1e1329dc5b0a7c43b8c234bf80703a42"
        },
        {
          "type": "image",
          "assetId": "vxafofJbE_JP",
          "checksum": "dec4965a7d5d689798cf0bfcc1fe9dd0"
        },
        {
          "type": "image",
          "assetId": "7wbz5ozAtoyd",
          "checksum": "4794b521feaf109a0f4cc8fa6833be1f"
        },
        {
          "type": "image",
          "assetId": "JlvkCbR0-gG4",
          "checksum": "cae2f6417020d9e5e1dfe33a45d4e087"
        },
        {
          "type": "image",
          "assetId": "FdzDDDDuvwFg",
          "checksum": "77b7e97fd0b312304e3eeb35ca3f8714"
        },
        {
          "type": "image",
          "assetId": "zpJLxWuoAByJ",
          "checksum": "fe1e98193ab87fb92da04c9db83117b6"
        },
        {
          "type": "image",
          "assetId": "qHw4OPO3LMkY",
          "checksum": "2f8e9c4eb2dfbddfbed62b40d64cc9f6"
        },
        {
          "type": "image",
          "assetId": "dVeVWKDQ1SFe",
          "checksum": "a5b6c30b83b04a667f2ac9b4150d6191"
        },
        {
          "type": "image",
          "assetId": "55bVAe4qIh_x",
          "checksum": "c06a45b3fae4f15857b8be13a1bc4efc"
        },
        {
          "type": "image",
          "assetId": "6oDN6Ln0JVaE",
          "checksum": "4062e12dcd44df2251ed32b6021872f9"
        },
        {
          "type": "image",
          "assetId": "6PLMPyfZa0hu",
          "checksum": "dbfadfcd3316a5593807343bd377ba57"
        },
        {
          "type": "image",
          "assetId": "HCp9IhcASZ1L",
          "checksum": "bcbf85be29c1a37122c49885d7ca28ee"
        },
        {
          "type": "image",
          "assetId": "PZmhMmaCvlBO",
          "checksum": "3d86465747ce5579f6018d58bcb5007e"
        },
        {
          "type": "image",
          "assetId": "OmIICEi10rFq",
          "checksum": "0ee487705a4eeb733cc558b8354e7bcb"
        },
        {
          "type": "image",
          "assetId": "62S4rk6ET4LZ",
          "checksum": "26b134319e60edce7dd187a87984134d"
        },
        {
          "type": "image",
          "assetId": "QXLmCwGkVSFX",
          "checksum": "878dfb72d42316ef263f7d8c9547824b"
        },
        {
          "type": "image",
          "assetId": "-JNwpK8PJMUA",
          "checksum": "7bd8b428e6efc0d8967b4bb0e2620630"
        }
      ],
      "codegenVersion": "0.0.1"
    }
  ],
  "cliVersion": "0.1.325"
}
