{
  "projects": [
    {
      "projectId": "aEHVN5v6mfM4eovDsL8Z7d",
      "version": "0.4.0",
      "dependencies": {},
      "lang": "ts",
      "fileLocks": [
        {
          "assetId": "aEHVN5v6mfM4eovDsL8Z7d",
          "type": "projectCss",
          "checksum": "1c02168c6b23256606111fdfdbb63549"
        }
      ],
      "codegenVersion": "0.0.1"
    },
    {
      "projectId": "3m3vFk1dnCzZnwT8k489Jy",
      "version": "0.6.0",
      "dependencies": {},
      "lang": "ts",
      "fileLocks": [
        {
          "assetId": "3m3vFk1dnCzZnwT8k489Jy",
          "type": "projectCss",
          "checksum": "1c02168c6b23256606111fdfdbb63549"
        }
      ],
      "codegenVersion": "0.0.1"
    },
    {
      "projectId": "8PtdGodUbexNYgkuyBUcWu",
      "version": "3.27.0",
      "dependencies": {},
      "lang": "ts",
      "fileLocks": [
        {
          "assetId": "8PtdGodUbexNYgkuyBUcWu",
          "type": "projectCss",
          "checksum": "9440f91b1e8169311ba244276a5922c3"
        },
        {
          "assetId": "8PtdGodUbexNYgkuyBUcWu",
          "checksum": "34a063f27f0b27a7d1d344bc6b5252c5",
          "type": "globalContexts"
        }
      ],
      "codegenVersion": "0.0.1"
    },
    {
      "projectId": "sqPBLwEBBKHA2WDuGb17eV",
      "version": "2.3.0",
      "dependencies": {},
      "lang": "ts",
      "fileLocks": [
        {
          "assetId": "sqPBLwEBBKHA2WDuGb17eV",
          "type": "projectCss",
          "checksum": "1c02168c6b23256606111fdfdbb63549"
        },
        {
          "type": "renderModule",
          "assetId": "5nirPCGmCnRD",
          "checksum": "68085e068ca6b23be62b4a95ce376560"
        },
        {
          "type": "cssRules",
          "assetId": "5nirPCGmCnRD",
          "checksum": "68085e068ca6b23be62b4a95ce376560"
        },
        {
          "type": "icon",
          "assetId": "Wyt3GMMsLefj",
          "checksum": "d2b1886763aa016780501d0c22f50b5e"
        },
        {
          "type": "icon",
          "assetId": "MbDRsJU0e3bw",
          "checksum": "92672aa6935120ebaac11939d8d127bb"
        }
      ],
      "codegenVersion": "0.0.1"
    },
    {
      "projectId": "q8iq2J191QypeBqVSHzb6M",
      "version": "0.9.0",
      "dependencies": {},
      "lang": "ts",
      "fileLocks": [
        {
          "assetId": "q8iq2J191QypeBqVSHzb6M",
          "type": "projectCss",
          "checksum": "1c02168c6b23256606111fdfdbb63549"
        }
      ],
      "codegenVersion": "0.0.1"
    },
    {
      "projectId": "szjgMQpPpxhmkjnaBvZQJG",
      "version": "2.28.0",
      "dependencies": {},
      "lang": "ts",
      "fileLocks": [
        {
          "assetId": "szjgMQpPpxhmkjnaBvZQJG",
          "type": "projectCss",
          "checksum": "72ff85f8dbd01d559ad13ce12accad86"
        }
      ],
      "codegenVersion": "0.0.1"
    },
    {
      "projectId": "9Vr5YWkf3w7jj6SsTcCEta",
      "version": "0.13.0",
      "dependencies": {},
      "lang": "ts",
      "fileLocks": [
        {
          "assetId": "9Vr5YWkf3w7jj6SsTcCEta",
          "type": "projectCss",
          "checksum": "1c02168c6b23256606111fdfdbb63549"
        }
      ],
      "codegenVersion": "0.0.1"
    },
    {
      "projectId": "caTPwKxj5ZrD9LQ7DMdK4Z",
      "version": "3.40.0",
      "dependencies": {},
      "lang": "ts",
      "fileLocks": [
        {
          "assetId": "caTPwKxj5ZrD9LQ7DMdK4Z",
          "type": "projectCss",
          "checksum": "1c02168c6b23256606111fdfdbb63549"
        }
      ],
      "codegenVersion": "0.0.1"
    },
    {
      "projectId": "jkU633o1Cz7HrJdwdxhVHk",
      "version": "16.13.0",
      "dependencies": {},
      "lang": "ts",
      "fileLocks": [
        {
          "assetId": "jkU633o1Cz7HrJdwdxhVHk",
          "type": "projectCss",
          "checksum": "cf57d229ecea50678d9d8d3bc0e3dd9b"
        }
      ],
      "codegenVersion": "0.0.1"
    },
    {
      "projectId": "28Ba3BDvRe7EiWdfFNnLB6",
      "version": "2.38.0",
      "dependencies": {},
      "lang": "ts",
      "fileLocks": [
        {
          "assetId": "28Ba3BDvRe7EiWdfFNnLB6",
          "type": "projectCss",
          "checksum": "1c02168c6b23256606111fdfdbb63549"
        }
      ],
      "codegenVersion": "0.0.1"
    },
    {
      "projectId": "i3z63WaCLuRiSZRBwZC8d1",
      "version": "6.20.0",
      "dependencies": {},
      "lang": "ts",
      "fileLocks": [
        {
          "assetId": "i3z63WaCLuRiSZRBwZC8d1",
          "type": "projectCss",
          "checksum": "1c02168c6b23256606111fdfdbb63549"
        },
        {
          "assetId": "i3z63WaCLuRiSZRBwZC8d1",
          "checksum": "2231a02fc246352d0dd609a63e28d8fb",
          "type": "globalContexts"
        }
      ],
      "codegenVersion": "0.0.1"
    },
    {
      "projectId": "xp1p7dmg329XVLHyuEUxD2",
      "version": "11.35.0",
      "dependencies": {},
      "lang": "ts",
      "fileLocks": [
        {
          "assetId": "xp1p7dmg329XVLHyuEUxD2",
          "type": "projectCss",
          "checksum": "933cd204534693a242d79a66a236e23d"
        }
      ],
      "codegenVersion": "0.0.1"
    },
    {
      "projectId": "58GpZjZCWTaJ8AUhpCwt2K",
      "version": "3.28.0",
      "dependencies": {},
      "lang": "ts",
      "fileLocks": [
        {
          "assetId": "58GpZjZCWTaJ8AUhpCwt2K",
          "type": "projectCss",
          "checksum": "f0469e206244772473ab64f50be898f9"
        }
      ],
      "codegenVersion": "0.0.1"
    },
    {
      "projectId": "YUiM7yqBWAqsh8KSnrdj7",
      "version": "0.33.0",
      "dependencies": {},
      "lang": "ts",
      "fileLocks": [
        {
          "assetId": "YUiM7yqBWAqsh8KSnrdj7",
          "type": "projectCss",
          "checksum": "21b499a9da4edbc2266c72c2ba127787"
        }
      ],
      "codegenVersion": "0.0.1"
    },
    {
      "projectId": "ohDidvG9XsCeFumugENU3J",
      "version": "6.28.0",
      "dependencies": {},
      "lang": "ts",
      "fileLocks": [
        {
          "assetId": "ohDidvG9XsCeFumugENU3J",
          "type": "projectCss",
          "checksum": "ba2a60a163fca4f4d510275088a2be53"
        },
        {
          "assetId": "ohDidvG9XsCeFumugENU3J",
          "checksum": "de0a0e65174a6a185a8f822af51c6bdd",
          "type": "globalContexts"
        }
      ],
      "codegenVersion": "0.0.1"
    },
    {
      "projectId": "wjafXWEvDytFogT7SiMy2v",
      "version": "latest",
      "dependencies": {
        "ohDidvG9XsCeFumugENU3J": "6.28.0",
        "YUiM7yqBWAqsh8KSnrdj7": "0.33.0",
        "58GpZjZCWTaJ8AUhpCwt2K": "3.28.0",
        "xp1p7dmg329XVLHyuEUxD2": "11.35.0",
        "i3z63WaCLuRiSZRBwZC8d1": "6.20.0",
        "28Ba3BDvRe7EiWdfFNnLB6": "2.38.0",
        "jkU633o1Cz7HrJdwdxhVHk": "16.13.0",
        "caTPwKxj5ZrD9LQ7DMdK4Z": "3.40.0",
        "9Vr5YWkf3w7jj6SsTcCEta": "0.13.0",
        "szjgMQpPpxhmkjnaBvZQJG": "2.28.0",
        "q8iq2J191QypeBqVSHzb6M": "0.9.0",
        "sqPBLwEBBKHA2WDuGb17eV": "2.3.0",
        "8PtdGodUbexNYgkuyBUcWu": "3.27.0",
        "3m3vFk1dnCzZnwT8k489Jy": "0.6.0",
        "aEHVN5v6mfM4eovDsL8Z7d": "0.4.0"
      },
      "lang": "ts",
      "fileLocks": [
        {
          "type": "globalVariant",
          "assetId": "jEqVmdAbnKYc",
          "checksum": "54b222eb41e1358aeadc3cd0af107f2b"
        },
        {
          "assetId": "wjafXWEvDytFogT7SiMy2v",
          "type": "projectCss",
          "checksum": "049fd75e4abea60a401dffab49b321dc"
        },
        {
          "assetId": "wjafXWEvDytFogT7SiMy2v",
          "checksum": "72a611b45c302b82a9cf9dc4d4318138",
          "type": "globalContexts"
        },
        {
          "type": "renderModule",
          "assetId": "WB4OwDxc51ck",
          "checksum": "acfc032fb2d5008e0a125bed481a6a36"
        },
        {
          "type": "cssRules",
          "assetId": "WB4OwDxc51ck",
          "checksum": "acfc032fb2d5008e0a125bed481a6a36"
        },
        {
          "type": "renderModule",
          "assetId": "YivXi3wItkax",
          "checksum": "62ce2a8ecf2c7cb4e22f1a96f7eeddb7"
        },
        {
          "type": "cssRules",
          "assetId": "YivXi3wItkax",
          "checksum": "62ce2a8ecf2c7cb4e22f1a96f7eeddb7"
        },
        {
          "type": "renderModule",
          "assetId": "AFB-1jxjMqDb",
          "checksum": "852242c2afb647eee72a0322563ef5a5"
        },
        {
          "type": "cssRules",
          "assetId": "AFB-1jxjMqDb",
          "checksum": "852242c2afb647eee72a0322563ef5a5"
        },
        {
          "type": "renderModule",
          "assetId": "Ev8txsbuZl9W",
          "checksum": "11a0ed61b1bfcc1054b76f3013d014a7"
        },
        {
          "type": "cssRules",
          "assetId": "Ev8txsbuZl9W",
          "checksum": "11a0ed61b1bfcc1054b76f3013d014a7"
        },
        {
          "type": "renderModule",
          "assetId": "oQ9IYAdIiE5g",
          "checksum": "629ee7068fc1a6e4d4788d7dc3034f97"
        },
        {
          "type": "cssRules",
          "assetId": "oQ9IYAdIiE5g",
          "checksum": "629ee7068fc1a6e4d4788d7dc3034f97"
        },
        {
          "type": "renderModule",
          "assetId": "J2d--RhwPuEt",
          "checksum": "9215a53f71c1702ab003c3f6ce6ff556"
        },
        {
          "type": "cssRules",
          "assetId": "J2d--RhwPuEt",
          "checksum": "9215a53f71c1702ab003c3f6ce6ff556"
        },
        {
          "type": "renderModule",
          "assetId": "IoZvAstVrNqa",
          "checksum": "c3afcd858869289d7fdf86c0d4e99928"
        },
        {
          "type": "cssRules",
          "assetId": "IoZvAstVrNqa",
          "checksum": "c3afcd858869289d7fdf86c0d4e99928"
        },
        {
          "type": "renderModule",
          "assetId": "9Hr8d57xz9H9",
          "checksum": "a7f5308f37f98743280dd3e7619cc53b"
        },
        {
          "type": "cssRules",
          "assetId": "9Hr8d57xz9H9",
          "checksum": "a7f5308f37f98743280dd3e7619cc53b"
        },
        {
          "type": "renderModule",
          "assetId": "RHOuYiwuacpG",
          "checksum": "734badee1dcdbca13d0f79e9c3c62d0c"
        },
        {
          "type": "cssRules",
          "assetId": "RHOuYiwuacpG",
          "checksum": "734badee1dcdbca13d0f79e9c3c62d0c"
        },
        {
          "type": "renderModule",
          "assetId": "djw6BO6ESgiq",
          "checksum": "274d81125c3a53f6172bbca67eb9b3c4"
        },
        {
          "type": "cssRules",
          "assetId": "djw6BO6ESgiq",
          "checksum": "274d81125c3a53f6172bbca67eb9b3c4"
        },
        {
          "type": "renderModule",
          "assetId": "8o6xzPLlyVTQ",
          "checksum": "82da3a83b8d835a91f19946337327220"
        },
        {
          "type": "cssRules",
          "assetId": "8o6xzPLlyVTQ",
          "checksum": "82da3a83b8d835a91f19946337327220"
        },
        {
          "type": "renderModule",
          "assetId": "QnDyAyhvLYc4",
          "checksum": "464be0f8f6e9f046defd1c26201d9c04"
        },
        {
          "type": "cssRules",
          "assetId": "QnDyAyhvLYc4",
          "checksum": "464be0f8f6e9f046defd1c26201d9c04"
        },
        {
          "type": "renderModule",
          "assetId": "yfSr1skfxkHn",
          "checksum": "92e68a5459d74ac05ce3c9e9d2b843a8"
        },
        {
          "type": "cssRules",
          "assetId": "yfSr1skfxkHn",
          "checksum": "92e68a5459d74ac05ce3c9e9d2b843a8"
        },
        {
          "type": "renderModule",
          "assetId": "-ckcELWzdUW7",
          "checksum": "a0a6416e3d58d7735b9e1504776175c0"
        },
        {
          "type": "cssRules",
          "assetId": "-ckcELWzdUW7",
          "checksum": "a0a6416e3d58d7735b9e1504776175c0"
        },
        {
          "type": "renderModule",
          "assetId": "86AB0v1-nDyA",
          "checksum": "76e86f9cc4055fdf3956f269af7bdf45"
        },
        {
          "type": "cssRules",
          "assetId": "86AB0v1-nDyA",
          "checksum": "76e86f9cc4055fdf3956f269af7bdf45"
        },
        {
          "type": "renderModule",
          "assetId": "6oEGl3M40QrL",
          "checksum": "1d1fdbdeb8421b263dea3b7f872f6e07"
        },
        {
          "type": "cssRules",
          "assetId": "6oEGl3M40QrL",
          "checksum": "1d1fdbdeb8421b263dea3b7f872f6e07"
        },
        {
          "type": "renderModule",
          "assetId": "PK_hwsu90gKT",
          "checksum": "ef29862b5ff76de85bc0f8a9b72a64b2"
        },
        {
          "type": "cssRules",
          "assetId": "PK_hwsu90gKT",
          "checksum": "ef29862b5ff76de85bc0f8a9b72a64b2"
        },
        {
          "type": "renderModule",
          "assetId": "WWQbOGxeNTuR",
          "checksum": "75d3d2b31852d6232a0eb0e15cfb966c"
        },
        {
          "type": "cssRules",
          "assetId": "WWQbOGxeNTuR",
          "checksum": "75d3d2b31852d6232a0eb0e15cfb966c"
        },
        {
          "type": "renderModule",
          "assetId": "dnRUnqur1vWa",
          "checksum": "0764c27281ed541f055a8d2df2cd84ac"
        },
        {
          "type": "cssRules",
          "assetId": "dnRUnqur1vWa",
          "checksum": "0764c27281ed541f055a8d2df2cd84ac"
        },
        {
          "type": "renderModule",
          "assetId": "x1Fxn6tnPsJ0",
          "checksum": "bbacaf28ecb07eb759e24de3205d23cd"
        },
        {
          "type": "cssRules",
          "assetId": "x1Fxn6tnPsJ0",
          "checksum": "bbacaf28ecb07eb759e24de3205d23cd"
        },
        {
          "type": "renderModule",
          "assetId": "rhyWwtv3sPGn",
          "checksum": "50643cdd4a5732d5ba671dfc55138176"
        },
        {
          "type": "cssRules",
          "assetId": "rhyWwtv3sPGn",
          "checksum": "50643cdd4a5732d5ba671dfc55138176"
        },
        {
          "type": "renderModule",
          "assetId": "lSZzDzmRkcIg",
          "checksum": "4af7520b2549c67f06dc9313d94aa2d0"
        },
        {
          "type": "cssRules",
          "assetId": "lSZzDzmRkcIg",
          "checksum": "4af7520b2549c67f06dc9313d94aa2d0"
        },
        {
          "type": "renderModule",
          "assetId": "SeOv9wf5ITYF",
          "checksum": "ec9a2eebaa3ecc15fe527ee9355015ac"
        },
        {
          "type": "cssRules",
          "assetId": "SeOv9wf5ITYF",
          "checksum": "ec9a2eebaa3ecc15fe527ee9355015ac"
        },
        {
          "type": "renderModule",
          "assetId": "B3T4IwC_PpNX",
          "checksum": "4bccf8730935b4bb7e08acb45ef3d1ee"
        },
        {
          "type": "cssRules",
          "assetId": "B3T4IwC_PpNX",
          "checksum": "4bccf8730935b4bb7e08acb45ef3d1ee"
        },
        {
          "type": "renderModule",
          "assetId": "3tcwCShdS0g0",
          "checksum": "281a032cf8d6fce52928d031d9104e64"
        },
        {
          "type": "cssRules",
          "assetId": "3tcwCShdS0g0",
          "checksum": "281a032cf8d6fce52928d031d9104e64"
        },
        {
          "type": "renderModule",
          "assetId": "a9E2wGEF0Qy9",
          "checksum": "1234ea71f953d11fa13f537a6d7b1a75"
        },
        {
          "type": "cssRules",
          "assetId": "a9E2wGEF0Qy9",
          "checksum": "1234ea71f953d11fa13f537a6d7b1a75"
        },
        {
          "type": "renderModule",
          "assetId": "X347FgRZh6HH",
          "checksum": "bd38a25e2cc1d8331759ddf4d9f1d93e"
        },
        {
          "type": "cssRules",
          "assetId": "X347FgRZh6HH",
          "checksum": "bd38a25e2cc1d8331759ddf4d9f1d93e"
        },
        {
          "type": "renderModule",
          "assetId": "mbv1OhQXEQf1",
          "checksum": "3486d0d5d69a8078b9ac5142d1213d1e"
        },
        {
          "type": "cssRules",
          "assetId": "mbv1OhQXEQf1",
          "checksum": "3486d0d5d69a8078b9ac5142d1213d1e"
        },
        {
          "type": "renderModule",
          "assetId": "R9dokzeL8GJy",
          "checksum": "65f45320b917edc9e0ee2f3de68c000c"
        },
        {
          "type": "cssRules",
          "assetId": "R9dokzeL8GJy",
          "checksum": "65f45320b917edc9e0ee2f3de68c000c"
        },
        {
          "type": "renderModule",
          "assetId": "9PPRcrm0XFqF",
          "checksum": "958e98f15fe04245765efed6f13516fd"
        },
        {
          "type": "cssRules",
          "assetId": "9PPRcrm0XFqF",
          "checksum": "958e98f15fe04245765efed6f13516fd"
        },
        {
          "type": "renderModule",
          "assetId": "RABqkXkLRlle",
          "checksum": "38679663a9889829b33530e62514a5e0"
        },
        {
          "type": "cssRules",
          "assetId": "RABqkXkLRlle",
          "checksum": "38679663a9889829b33530e62514a5e0"
        },
        {
          "type": "renderModule",
          "assetId": "PguODopeTo5C",
          "checksum": "8862b05e3812d657bc4455087c833ee0"
        },
        {
          "type": "cssRules",
          "assetId": "PguODopeTo5C",
          "checksum": "8862b05e3812d657bc4455087c833ee0"
        },
        {
          "type": "renderModule",
          "assetId": "ZHE7N-0S_BIq",
          "checksum": "743105fe62602050e3dc9457739a4aa8"
        },
        {
          "type": "cssRules",
          "assetId": "ZHE7N-0S_BIq",
          "checksum": "743105fe62602050e3dc9457739a4aa8"
        },
        {
          "type": "renderModule",
          "assetId": "EFrzqPluJe9j",
          "checksum": "3eab82dcf334342d8fe7b27f1c8d79e2"
        },
        {
          "type": "cssRules",
          "assetId": "EFrzqPluJe9j",
          "checksum": "3eab82dcf334342d8fe7b27f1c8d79e2"
        },
        {
          "type": "renderModule",
          "assetId": "UwudfLdMiFho",
          "checksum": "e67c53132bb2cf6e0dfc8052048da998"
        },
        {
          "type": "cssRules",
          "assetId": "UwudfLdMiFho",
          "checksum": "e67c53132bb2cf6e0dfc8052048da998"
        },
        {
          "type": "renderModule",
          "assetId": "sWsqjPSVIYww",
          "checksum": "53162d81ec1b95982af3714f3415127f"
        },
        {
          "type": "cssRules",
          "assetId": "sWsqjPSVIYww",
          "checksum": "53162d81ec1b95982af3714f3415127f"
        },
        {
          "type": "icon",
          "assetId": "YIqBWKHX3AVs",
          "checksum": "15dab6732f66268b27f7136559521035"
        },
        {
          "type": "icon",
          "assetId": "I6pxicA96WJm",
          "checksum": "46e99f1409dd77969c00df40a7bcd36e"
        },
        {
          "type": "icon",
          "assetId": "vsUaT3pPwdP4",
          "checksum": "d35b7d85752517dbad7fd26253eef34f"
        },
        {
          "type": "icon",
          "assetId": "5ApcS5B1gv4L",
          "checksum": "7dbb8bfc60c1ad9ae50a9b2647722f1c"
        },
        {
          "type": "icon",
          "assetId": "klbX_NZp_cB3",
          "checksum": "259bc8834aaca3ca997ea0eadc6b29ef"
        },
        {
          "type": "icon",
          "assetId": "WwJVeh2tsHvY",
          "checksum": "4f4cc01e17f7aba28e6c23eb9c7dcb05"
        },
        {
          "type": "icon",
          "assetId": "psJwB7FnMtB3",
          "checksum": "ebb582f2223535d85b39e1f1b6d726e2"
        },
        {
          "type": "icon",
          "assetId": "MQ26f0HUxb4j",
          "checksum": "1fb7c75a3a40eade3161dfbc8d7c0d8d"
        },
        {
          "type": "icon",
          "assetId": "YlP_1riCYk4W",
          "checksum": "fc81dbb84a8ee15a3795a87a7d14d659"
        },
        {
          "type": "icon",
          "assetId": "9ePn9ADBNSUD",
          "checksum": "d5abaccf3bccd65401745e25b18de077"
        },
        {
          "type": "icon",
          "assetId": "OPwXrI9x1012",
          "checksum": "fe8a350b9a4608d01370c5020ef83fb5"
        },
        {
          "type": "icon",
          "assetId": "e-l8ROEyoe8s",
          "checksum": "058fa77813bd112c47e92d9c4f9f1ff6"
        },
        {
          "type": "icon",
          "assetId": "X4UfJDfThbDE",
          "checksum": "66f767b2c1c9c4963e2e34d3ab6f603d"
        },
        {
          "type": "icon",
          "assetId": "2Z1jVD4N4zmf",
          "checksum": "38c1186d3c416e923a17b704880b59a8"
        },
        {
          "type": "icon",
          "assetId": "3HuWA6LuASnW",
          "checksum": "893296d526b760577b70f31d990d353d"
        },
        {
          "type": "icon",
          "assetId": "RL9ccM3nRsj6",
          "checksum": "f24a1ace7597b457d8db2789eba6f192"
        },
        {
          "type": "icon",
          "assetId": "XwaE6_cmZ-sk",
          "checksum": "59feca049a8ed139ea7afcc85245410b"
        },
        {
          "type": "icon",
          "assetId": "PBBpz73Dpvdl",
          "checksum": "650626ded8b74ac7b225fe6fe1bac6b6"
        },
        {
          "type": "icon",
          "assetId": "1qRlpiHruDfc",
          "checksum": "e0577a43fd65fb781ca314da67b0d6bd"
        },
        {
          "type": "icon",
          "assetId": "HcpsI6M2imnH",
          "checksum": "c5843b1ff6087c6f1771fb67e6d0b226"
        },
        {
          "type": "icon",
          "assetId": "7rNsg1eoqwjF",
          "checksum": "d193ebcafb10c4faae2cfbfac4a5c3e9"
        },
        {
          "type": "icon",
          "assetId": "p-tAWM0RZWBz",
          "checksum": "909815ab5459256c553b03f157682838"
        },
        {
          "type": "icon",
          "assetId": "GllYzc9jUw9r",
          "checksum": "0a6160db15211a8e002d3591716d186a"
        },
        {
          "type": "icon",
          "assetId": "NFXRoS4oqKav",
          "checksum": "d5c0729d272b9b6ff8debb7825e907ce"
        },
        {
          "type": "icon",
          "assetId": "dMQU1eP1Y4yv",
          "checksum": "8bcda6a0a9e20075fe9aa9d4b473f498"
        },
        {
          "type": "icon",
          "assetId": "t34xjhDU3Kxh",
          "checksum": "3732bb7aded76f7993727fbaf45ab2b8"
        },
        {
          "type": "icon",
          "assetId": "M-j-DtcobOOK",
          "checksum": "bf5ebe09ed300df17933d3ad11ea8998"
        },
        {
          "type": "icon",
          "assetId": "ZONZXYcpoN3U",
          "checksum": "dddd69e32b8e0851c1a76f4ea846bd68"
        },
        {
          "type": "icon",
          "assetId": "mC78MSouMgiO",
          "checksum": "285b3ce8771cfb91848303b5d86236b2"
        },
        {
          "type": "icon",
          "assetId": "pE37P96Dcs-s",
          "checksum": "3648b8545c107afd2b4c31744b4c6fe7"
        },
        {
          "type": "icon",
          "assetId": "F4mMhxLXfk7s",
          "checksum": "9c92ce2f56ad5bac4fbb45b9059e0f5c"
        },
        {
          "type": "icon",
          "assetId": "_5UqDNx1Fdfc",
          "checksum": "a82279d76cc5963d18ed5659d520af37"
        },
        {
          "type": "icon",
          "assetId": "ydXNweVoDfnq",
          "checksum": "8d3ff5ed52ed5e0a9610d3ad68093fad"
        },
        {
          "type": "icon",
          "assetId": "AEo-sZPcmofc",
          "checksum": "66bf9fecddcd14258f04baaccc05b363"
        },
        {
          "type": "icon",
          "assetId": "syNDerbzpp8N",
          "checksum": "e552362933cd29521a4f6122500eb76b"
        },
        {
          "type": "icon",
          "assetId": "9B8dkXc1NzpQ",
          "checksum": "d6a0903fcd9bcc2c7b2b3551d669abf0"
        },
        {
          "type": "icon",
          "assetId": "Q6rlhbBoD8Qa",
          "checksum": "c80f9e70d5a619770e5a69460405ceb9"
        },
        {
          "type": "icon",
          "assetId": "nhxkR-W9JqN3",
          "checksum": "c0397a2ea6a41d66c44532c17a0c8adb"
        },
        {
          "type": "icon",
          "assetId": "ZHrszP2IiVJk",
          "checksum": "b29a53f1f37209c4fd020be974097180"
        },
        {
          "type": "icon",
          "assetId": "MyL4B8_M3mg8",
          "checksum": "c3ee708297fb29ba9b5f0bb0703f7637"
        },
        {
          "type": "icon",
          "assetId": "orq3vCjE1JGZ",
          "checksum": "37b83460b34da0fac750af40209c7c33"
        },
        {
          "type": "icon",
          "assetId": "lKm87uGwN2i4",
          "checksum": "b791f80901366f26169c77db8b0341ef"
        },
        {
          "type": "icon",
          "assetId": "MPCEIUspYUPi",
          "checksum": "9c3882d0ddf7545d2d2d1b03eff43211"
        },
        {
          "type": "icon",
          "assetId": "CMqoar_rjBcP",
          "checksum": "1e985e10df9988bfb0afa001cf219d7b"
        },
        {
          "type": "icon",
          "assetId": "aK3QQl9ddcYf",
          "checksum": "8c6c25e5a4befb10a1818f09c6645192"
        },
        {
          "type": "icon",
          "assetId": "B34gCeBlzVGZ",
          "checksum": "219753fb1d3b94bd31362741eca41a48"
        },
        {
          "type": "icon",
          "assetId": "MKAw5Po9K8sX",
          "checksum": "3c8abe85a071a6690f1469eb816619fa"
        },
        {
          "type": "icon",
          "assetId": "GDmIgqiyrW1O",
          "checksum": "215ecec72d82810017df31954f3e4e71"
        },
        {
          "type": "icon",
          "assetId": "8dU4xXFPs-ME",
          "checksum": "e6a27e2e07387ee8f118aefa2910356c"
        },
        {
          "type": "icon",
          "assetId": "-RBNimWBwZ_J",
          "checksum": "4bbffbdc841cb28f8e03a14edb6d51ab"
        },
        {
          "type": "icon",
          "assetId": "X66R-iy04VSP",
          "checksum": "6a215f6886625ed32622905f92156db1"
        },
        {
          "type": "icon",
          "assetId": "4cZ1Y2pB_zT4",
          "checksum": "eeb34130f83ec18ebb8013a1a9d54bee"
        },
        {
          "type": "icon",
          "assetId": "ycuumst0kLdp",
          "checksum": "5f7dd60a7ac25b61d349eb466280325a"
        },
        {
          "type": "icon",
          "assetId": "8HLZXSdI7JT1",
          "checksum": "92856964e12f114850b4213e059cd309"
        },
        {
          "type": "icon",
          "assetId": "Pji6nZZT_lpO",
          "checksum": "24110eaab381b5e7ce5cdbd65386f37d"
        },
        {
          "type": "icon",
          "assetId": "yGcNtDFpHELi",
          "checksum": "5910b8704224282bb1869e52f0bc1f00"
        },
        {
          "type": "icon",
          "assetId": "TgYVpXliQRZA",
          "checksum": "f5f854bbe1f867c693a4ae1d154a1a16"
        },
        {
          "type": "icon",
          "assetId": "hDJwwWv7gkB8",
          "checksum": "34eac00f00eb24c57bfffe945a0c3371"
        },
        {
          "type": "icon",
          "assetId": "DHPg9SA8s51h",
          "checksum": "865be05ef00bc4cd873f36c207f1af4a"
        },
        {
          "type": "icon",
          "assetId": "NogYnO3LNJ5O",
          "checksum": "db610c1332a18dd35e51380542954bbf"
        },
        {
          "type": "icon",
          "assetId": "gjIeG0A7CinP",
          "checksum": "1ba5bf7bef4c2a6addf2e3feb39fb1eb"
        },
        {
          "type": "icon",
          "assetId": "6ggc2UR6DFER",
          "checksum": "31f1826a1a0dddc5bc14e5c532a92b68"
        },
        {
          "type": "icon",
          "assetId": "YoQZruKDc9jV",
          "checksum": "f8fb61777a6b59c10e584507f7358d75"
        },
        {
          "type": "icon",
          "assetId": "rRoWBWmLYSI5",
          "checksum": "03d11f81d51d5baeab0d25f124082355"
        },
        {
          "type": "icon",
          "assetId": "fjn6qjCkjs6T",
          "checksum": "65507a20db12d3613bf3a7963373c35f"
        },
        {
          "type": "icon",
          "assetId": "A2K9Un9dNnoL",
          "checksum": "b42af0c7487b8a3d2f0293ab7767703d"
        },
        {
          "type": "icon",
          "assetId": "KRqJj_I4xpne",
          "checksum": "6cf92fd99dc721ec3f99ddebd70a0891"
        },
        {
          "type": "icon",
          "assetId": "2dmfrO0Ovd8i",
          "checksum": "9f7c823f55c2870b2420b25581a86a48"
        },
        {
          "type": "icon",
          "assetId": "H4WuTlYXIEKg",
          "checksum": "06857f5e4b49a4a5244fa02086fb2d4b"
        },
        {
          "type": "icon",
          "assetId": "A6UR7eLBlTnR",
          "checksum": "95e2bd8566b6f73e269c08414b235dd8"
        },
        {
          "type": "icon",
          "assetId": "T-O4gZl9ttIt",
          "checksum": "c60c297abc829c09baa5781b00c57a5d"
        },
        {
          "type": "icon",
          "assetId": "N-HUE5-m4bcl",
          "checksum": "1ccffc5db7bfac25b53f5d8f12ba4213"
        },
        {
          "type": "icon",
          "assetId": "5QQKf_ZsnABX",
          "checksum": "1a8f7e6364d6113e4eae2b3c77ca2726"
        },
        {
          "type": "icon",
          "assetId": "9MJJOBGA9bFX",
          "checksum": "5f60c066e8e41651005babce3bc0b31e"
        },
        {
          "type": "icon",
          "assetId": "-xG_spDBispP",
          "checksum": "545959ba1415052836b6abe3603e63c1"
        },
        {
          "type": "icon",
          "assetId": "2bxvHhfddyLp",
          "checksum": "9c0d72341836a4a30b783efcf3408cae"
        },
        {
          "type": "icon",
          "assetId": "P4Fui25DKo9x",
          "checksum": "1c7a3a7c31a50871d0c3dea8f1768cdc"
        },
        {
          "type": "icon",
          "assetId": "FYp_b7bC4SRG",
          "checksum": "bf1921017e22db5909260eedf2c0d4e9"
        },
        {
          "type": "icon",
          "assetId": "kP8tgJWFi5f8",
          "checksum": "8f042d40e5f6fb301eafb44e65375d01"
        },
        {
          "type": "icon",
          "assetId": "akWClYKh0NXz",
          "checksum": "5209173c691d412fb6c47eca185cfdd3"
        },
        {
          "type": "icon",
          "assetId": "j6KfmMMNdunq",
          "checksum": "442c97e32c1abbdda9b17d81edd6bbfe"
        },
        {
          "type": "icon",
          "assetId": "WpOunCdxkfxz",
          "checksum": "a6e2851ced4f98e36c3786336dbf891e"
        },
        {
          "type": "icon",
          "assetId": "Afo4-59OKegd",
          "checksum": "36e5e53f5ee1580d1ff52a7cf2809433"
        },
        {
          "type": "icon",
          "assetId": "mw45S2ohkgeU",
          "checksum": "671e20d6a87da717e7d9e816e1b13508"
        },
        {
          "type": "icon",
          "assetId": "o54G7Go_UaaH",
          "checksum": "c1976ce325ba94eaec9d31489de3f702"
        },
        {
          "type": "icon",
          "assetId": "OXlS9uB7Ffdy",
          "checksum": "3f5498f6d5b05c17086a00c39b21ff2b"
        },
        {
          "type": "icon",
          "assetId": "laC4EyEnFr3s",
          "checksum": "3c6752157ccde063a8e4a608768c68ef"
        },
        {
          "type": "icon",
          "assetId": "h3U6GmF6J6H4",
          "checksum": "d2906e213ab9e9361dbc1843059cee5c"
        },
        {
          "type": "icon",
          "assetId": "3WLAeBup0ObK",
          "checksum": "62c7c0b67673d6ea9c4745416b81b97b"
        },
        {
          "type": "icon",
          "assetId": "kYUnvWOY7oUw",
          "checksum": "01d45edb0b5a0e7d14001c5d0b23d0fa"
        },
        {
          "type": "icon",
          "assetId": "iEWdCbOck0G5",
          "checksum": "e6f89c32f16fd3026f5dc2504539d262"
        },
        {
          "type": "icon",
          "assetId": "Ijw01sZv-rjA",
          "checksum": "02cd0390fc81dbd5499831dabdc3f9bc"
        },
        {
          "type": "icon",
          "assetId": "5tIBWi0zESLM",
          "checksum": "ab7bc9762d268df2149a4a3af65c2bf2"
        },
        {
          "type": "icon",
          "assetId": "AgX6cnN3YV61",
          "checksum": "c52002aeca801d7e9b0fecd20cee2f56"
        },
        {
          "type": "icon",
          "assetId": "qdjybZJw3tm3",
          "checksum": "b6e3d2aa404ef8bc889ec8135fd6711d"
        },
        {
          "type": "icon",
          "assetId": "tSD0oiaMd-7V",
          "checksum": "4aa18fa3c27acd39854a63e70b5f53c2"
        },
        {
          "type": "icon",
          "assetId": "p45OcLcX4zji",
          "checksum": "2c20aad97b64f6cfce09ebc1f0e6f12f"
        },
        {
          "type": "icon",
          "assetId": "GgMvWgkE294e",
          "checksum": "770bdb13d04f8751b5a9360783ae00f5"
        },
        {
          "type": "icon",
          "assetId": "Eijn17-Ve4IZ",
          "checksum": "b98f3e46c6c09f5cfd35358257bf3323"
        },
        {
          "type": "icon",
          "assetId": "UvXMj66shTDo",
          "checksum": "6d5c90b3571fbf927a1bd5ee4d1459eb"
        },
        {
          "type": "icon",
          "assetId": "bIxkatK6rGzW",
          "checksum": "586848cb1115954137046a17350edaed"
        },
        {
          "type": "icon",
          "assetId": "gh3GiSXYzCWP",
          "checksum": "2610cb069ff7bf6bc311b5bcce6dbdd4"
        },
        {
          "type": "icon",
          "assetId": "-kAkKYtWcc8f",
          "checksum": "12b96aa18fb4608097ebe84d804be29c"
        },
        {
          "type": "icon",
          "assetId": "_tKFUo6wUlQJ",
          "checksum": "162695b9e5420f21449e0a5a89f2df56"
        },
        {
          "type": "icon",
          "assetId": "VOwOyt5m5MKR",
          "checksum": "4fd76b4a1fe6b2792d0e7cfe5fc468c4"
        },
        {
          "type": "icon",
          "assetId": "I_kHJfXhorHV",
          "checksum": "9e09f63c1bfdb20e5c1238fd8485318a"
        },
        {
          "type": "icon",
          "assetId": "4fW54JbpNQ-Y",
          "checksum": "d07d84daa03bda17339a74d16e5d6a3b"
        },
        {
          "type": "icon",
          "assetId": "GJomw2qswBQy",
          "checksum": "538d220625caab5a7bdb9ca438bcf44e"
        },
        {
          "type": "image",
          "assetId": "T-wWpOkYHAcY",
          "checksum": "326dfbc49122612ceeed33d4e62490e7"
        },
        {
          "type": "image",
          "assetId": "qcFfL5uLXMyQ",
          "checksum": "4c7647da6fa67ba635fd168892011a0e"
        },
        {
          "type": "image",
          "assetId": "eKtkrQMqb3dv",
          "checksum": "a8e26005be5a404b75aa9133971189df"
        },
        {
          "type": "image",
          "assetId": "dyEE78btSXa-",
          "checksum": "53218c819b4eb8a11ea780c2eefd5533"
        },
        {
          "type": "image",
          "assetId": "Hu7PK4MdRA96",
          "checksum": "79bbbb0c637994761498a3c08fd0f1bb"
        },
        {
          "type": "image",
          "assetId": "U3H0kCKcBwDO",
          "checksum": "fbde831135ee5d3d381daa6826e951c5"
        },
        {
          "type": "image",
          "assetId": "2hbZItAb0WZy",
          "checksum": "dc9b214725c3ad466b1ac7b9bfe2ce3a"
        },
        {
          "type": "image",
          "assetId": "8z7OYPnkN8Bl",
          "checksum": "1e1329dc5b0a7c43b8c234bf80703a42"
        },
        {
          "type": "image",
          "assetId": "vxafofJbE_JP",
          "checksum": "dec4965a7d5d689798cf0bfcc1fe9dd0"
        },
        {
          "type": "image",
          "assetId": "7wbz5ozAtoyd",
          "checksum": "4794b521feaf109a0f4cc8fa6833be1f"
        },
        {
          "type": "image",
          "assetId": "JlvkCbR0-gG4",
          "checksum": "cae2f6417020d9e5e1dfe33a45d4e087"
        },
        {
          "type": "image",
          "assetId": "FdzDDDDuvwFg",
          "checksum": "77b7e97fd0b312304e3eeb35ca3f8714"
        },
        {
          "type": "image",
          "assetId": "zpJLxWuoAByJ",
          "checksum": "fe1e98193ab87fb92da04c9db83117b6"
        },
        {
          "type": "image",
          "assetId": "qHw4OPO3LMkY",
          "checksum": "2f8e9c4eb2dfbddfbed62b40d64cc9f6"
        },
        {
          "type": "image",
          "assetId": "dVeVWKDQ1SFe",
          "checksum": "a5b6c30b83b04a667f2ac9b4150d6191"
        },
        {
          "type": "image",
          "assetId": "55bVAe4qIh_x",
          "checksum": "c06a45b3fae4f15857b8be13a1bc4efc"
        },
        {
          "type": "image",
          "assetId": "6oDN6Ln0JVaE",
          "checksum": "4062e12dcd44df2251ed32b6021872f9"
        },
        {
          "type": "image",
          "assetId": "6PLMPyfZa0hu",
          "checksum": "004f088f3bb191019f7615c545dae653"
        },
        {
          "type": "image",
          "assetId": "HCp9IhcASZ1L",
          "checksum": "bcbf85be29c1a37122c49885d7ca28ee"
        },
        {
          "type": "image",
          "assetId": "PZmhMmaCvlBO",
          "checksum": "c46e56225aa6b251ef727c63177673bb"
        },
        {
          "type": "image",
          "assetId": "OmIICEi10rFq",
          "checksum": "0ee487705a4eeb733cc558b8354e7bcb"
        },
        {
          "type": "image",
          "assetId": "62S4rk6ET4LZ",
          "checksum": "26b134319e60edce7dd187a87984134d"
        },
        {
          "type": "image",
          "assetId": "QXLmCwGkVSFX",
          "checksum": "878dfb72d42316ef263f7d8c9547824b"
        },
        {
          "type": "image",
          "assetId": "-JNwpK8PJMUA",
          "checksum": "7bd8b428e6efc0d8967b4bb0e2620630"
        },
        {
          "type": "image",
          "assetId": "mRfvQdJPOY_E",
          "checksum": "8a586bb690d386ace60d208f0dad9103"
        },
        {
          "type": "image",
          "assetId": "xLP1ZriKAc99",
          "checksum": "74d3e1dea9d1a26510a3cae2f1aa9425"
        }
      ],
      "codegenVersion": "0.0.1"
    }
  ],
  "cliVersion": "0.1.325"
}
